
Microsoft Visual Studio Solution File, Format Version 12.00
# Visual Studio Version 17
VisualStudioVersion = 17.4.33213.308
MinimumVisualStudioVersion = 10.0.40219.1
Project("{8BC9CEB8-8B4A-11D0-8D11-00A0C91BC942}") = "AutoDemo_WindyValley", "AutoDemo_WindyValley\AutoDemo_WindyValley.vcxproj", "{27201C87-EEC9-4B03-85A3-FA46D1A5C217}"
	ProjectSection(ProjectDependencies) = postProject
		{90CF4AD9-6603-458F-8E3F-E99C0818E43D} = {90CF4AD9-6603-458F-8E3F-E99C0818E43D}
		{EC0293F5-4BCF-46B2-8133-18CAEA141C5B} = {EC0293F5-4BCF-46B2-8133-18CAEA141C5B}
	EndProjectSection
EndProject
Project("{8BC9CEB8-8B4A-11D0-8D11-00A0C91BC942}") = "ModLoaderCommon", "sadx-mod-loader\mod-loader-common\ModLoaderCommon\ModLoaderCommon.vcxproj", "{EC0293F5-4BCF-46B2-8133-18CAEA141C5B}"
EndProject
Project("{8BC9CEB8-8B4A-11D0-8D11-00A0C91BC942}") = "libmodutils", "sadx-mod-loader\libmodutils\libmodutils.vcxproj", "{90CF4AD9-6603-458F-8E3F-E99C0818E43D}"
EndProject
Global
	GlobalSection(SolutionConfigurationPlatforms) = preSolution
		Debug|x64 = Debug|x64
		Debug|x86 = Debug|x86
		Release|x64 = Release|x64
		Release|x86 = Release|x86
	EndGlobalSection
	GlobalSection(ProjectConfigurationPlatforms) = postSolution
		{27201C87-EEC9-4B03-85A3-FA46D1A5C217}.Debug|x64.ActiveCfg = Debug|x64
		{27201C87-EEC9-4B03-85A3-FA46D1A5C217}.Debug|x64.Build.0 = Debug|x64
		{27201C87-EEC9-4B03-85A3-FA46D1A5C217}.Debug|x86.ActiveCfg = Debug|Win32
		{27201C87-EEC9-4B03-85A3-FA46D1A5C217}.Debug|x86.Build.0 = Debug|Win32
		{27201C87-EEC9-4B03-85A3-FA46D1A5C217}.Release|x64.ActiveCfg = Release|x64
		{27201C87-EEC9-4B03-85A3-FA46D1A5C217}.Release|x64.Build.0 = Release|x64
		{27201C87-EEC9-4B03-85A3-FA46D1A5C217}.Release|x86.ActiveCfg = Release|Win32
		{27201C87-EEC9-4B03-85A3-FA46D1A5C217}.Release|x86.Build.0 = Release|Win32
		{EC0293F5-4BCF-46B2-8133-18CAEA141C5B}.Debug|x64.ActiveCfg = Debug|Win32
		{EC0293F5-4BCF-46B2-8133-18CAEA141C5B}.Debug|x64.Build.0 = Debug|Win32
		{EC0293F5-4BCF-46B2-8133-18CAEA141C5B}.Debug|x86.ActiveCfg = Debug|Win32
		{EC0293F5-4BCF-46B2-8133-18CAEA141C5B}.Debug|x86.Build.0 = Debug|Win32
		{EC0293F5-4BCF-46B2-8133-18CAEA141C5B}.Release|x64.ActiveCfg = Release|Win32
		{EC0293F5-4BCF-46B2-8133-18CAEA141C5B}.Release|x64.Build.0 = Release|Win32
		{EC0293F5-4BCF-46B2-8133-18CAEA141C5B}.Release|x86.ActiveCfg = Release|Win32
		{EC0293F5-4BCF-46B2-8133-18CAEA141C5B}.Release|x86.Build.0 = Release|Win32
		{90CF4AD9-6603-458F-8E3F-E99C0818E43D}.Debug|x64.ActiveCfg = Debug|Win32
		{90CF4AD9-6603-458F-8E3F-E99C0818E43D}.Debug|x64.Build.0 = Debug|Win32
		{90CF4AD9-6603-458F-8E3F-E99C0818E43D}.Debug|x86.ActiveCfg = Debug|Win32
		{90CF4AD9-6603-458F-8E3F-E99C0818E43D}.Debug|x86.Build.0 = Debug|Win32
		{90CF4AD9-6603-458F-8E3F-E99C0818E43D}.Release|x64.ActiveCfg = Release|Win32
		{90CF4AD9-6603-458F-8E3F-E99C0818E43D}.Release|x64.Build.0 = Release|Win32
		{90CF4AD9-6603-458F-8E3F-E99C0818E43D}.Release|x86.ActiveCfg = Release|Win32
		{90CF4AD9-6603-458F-8E3F-E99C0818E43D}.Release|x86.Build.0 = Release|Win32
	EndGlobalSection
	GlobalSection(SolutionProperties) = preSolution
		HideSolutionNode = FALSE
	EndGlobalSection
	GlobalSection(ExtensibilityGlobals) = postSolution
		SolutionGuid = {E78818EC-73AE-4BFB-B77C-5DAF171B4982}
	EndGlobalSection
EndGlobal
