<?xml version="1.0" encoding="utf-8"?>
<Project ToolsVersion="4.0" xmlns="http://schemas.microsoft.com/developer/msbuild/2003">
  <ItemGroup>
    <Filter Include="Source Files">
      <UniqueIdentifier>{4FC737F1-C7A5-4376-A066-2A32D752A2FF}</UniqueIdentifier>
      <Extensions>cpp;c;cc;cxx;def;odl;idl;hpj;bat;asm;asmx</Extensions>
    </Filter>
    <Filter Include="Header Files">
      <UniqueIdentifier>{93995380-89BD-4b04-88EB-625FBE52EBFB}</UniqueIdentifier>
      <Extensions>h;hh;hpp;hxx;hm;inl;inc;xsd</Extensions>
    </Filter>
    <Filter Include="Resource Files">
      <UniqueIdentifier>{67DA6AB6-F800-4c08-8B7A-83BB121AAD01}</UniqueIdentifier>
      <Extensions>rc;ico;cur;bmp;dlg;rc2;rct;bin;rgs;gif;jpg;jpeg;jpe;resx;tiff;tif;png;wav;mfcribbon-ms</Extensions>
    </Filter>
    <Filter Include="Header Files\Objects">
      <UniqueIdentifier>{1a837688-ba2d-4a1d-8090-e3b624018d27}</UniqueIdentifier>
    </Filter>
    <Filter Include="Header Files\LandTable">
      <UniqueIdentifier>{75a39e05-77fd-4770-a4b5-c1dec2ed3f31}</UniqueIdentifier>
    </Filter>
    <Filter Include="Header Files\Skybox">
      <UniqueIdentifier>{9d0a744f-8e5e-4d04-b1dc-0352a9b978fa}</UniqueIdentifier>
    </Filter>
    <Filter Include="Source Files\external">
      <UniqueIdentifier>{72d2f9a4-a294-4596-99b2-5ea3b5624968}</UniqueIdentifier>
    </Filter>
    <Filter Include="Header Files\Addons">
      <UniqueIdentifier>{f8eba3b4-4b6d-4b33-ae09-077c57669334}</UniqueIdentifier>
    </Filter>
    <Filter Include="Source Files\Functions">
      <UniqueIdentifier>{45602f73-daa4-4e3f-bbd0-8d7aeb97956c}</UniqueIdentifier>
    </Filter>
    <Filter Include="Source Files\Binary">
      <UniqueIdentifier>{aad29d1c-8986-4571-92ae-bce6c0bf090b}</UniqueIdentifier>
    </Filter>
    <Filter Include="Source Files\Textures">
      <UniqueIdentifier>{82aede7d-0148-472f-927d-57c4dcdc9892}</UniqueIdentifier>
    </Filter>
  </ItemGroup>
  <ItemGroup>
    <Text Include="ReadMe.txt" />
  </ItemGroup>
  <ItemGroup>
    <ClInclude Include="stdafx.h">
      <Filter>Header Files</Filter>
    </ClInclude>
    <ClInclude Include="targetver.h">
      <Filter>Header Files</Filter>
    </ClInclude>
    <ClInclude Include="Trampoline.h">
      <Filter>Header Files\Objects</Filter>
    </ClInclude>
    <ClInclude Include="WindyGate.h">
      <Filter>Header Files\Objects</Filter>
    </ClInclude>
    <ClInclude Include="SBridge.h">
      <Filter>Header Files\Objects</Filter>
    </ClInclude>
    <ClInclude Include="Rock_Objects.h">
      <Filter>Header Files\Objects</Filter>
    </ClInclude>
    <ClInclude Include="Sirusi_Objects.h">
      <Filter>Header Files\Objects</Filter>
    </ClInclude>
    <ClInclude Include="Grass_Objects.h">
      <Filter>Header Files\Objects</Filter>
    </ClInclude>
    <ClInclude Include="PathInfo.h">
      <Filter>Header Files</Filter>
    </ClInclude>
    <ClInclude Include="StartPos.h">
      <Filter>Header Files</Filter>
    </ClInclude>
    <ClInclude Include="Act1.h">
      <Filter>Header Files\LandTable</Filter>
    </ClInclude>
    <ClInclude Include="Act2.h">
      <Filter>Header Files\LandTable</Filter>
    </ClInclude>
    <ClInclude Include="Act3.h">
      <Filter>Header Files\LandTable</Filter>
    </ClInclude>
    <ClInclude Include="IDai_Objects.h">
      <Filter>Header Files\Objects</Filter>
    </ClInclude>
    <ClInclude Include="IBou-IHah_Objects.h">
      <Filter>Header Files\Objects</Filter>
    </ClInclude>
    <ClInclude Include="Sara_Objects.h">
      <Filter>Header Files\Objects</Filter>
    </ClInclude>
    <ClInclude Include="Flower_Objects.h">
      <Filter>Header Files\Objects</Filter>
    </ClInclude>
    <ClInclude Include="W_Ki_Objects.h">
      <Filter>Header Files\Objects</Filter>
    </ClInclude>
    <ClInclude Include="Propellers.h">
      <Filter>Header Files\Objects</Filter>
    </ClInclude>
    <ClInclude Include="Pot_Objects.h">
      <Filter>Header Files\Objects</Filter>
    </ClInclude>
    <ClInclude Include="Dome_Objects.h">
      <Filter>Header Files\Objects</Filter>
    </ClInclude>
    <ClInclude Include="Tako_W.h">
      <Filter>Header Files\Objects</Filter>
    </ClInclude>
    <ClInclude Include="Raft_Objects.h">
      <Filter>Header Files\Objects</Filter>
    </ClInclude>
    <ClInclude Include="Skybox01.h">
      <Filter>Header Files\Skybox</Filter>
    </ClInclude>
    <ClInclude Include="Skybox02.h">
      <Filter>Header Files\Skybox</Filter>
    </ClInclude>
    <ClInclude Include="Skybox03.h">
      <Filter>Header Files\Skybox</Filter>
    </ClInclude>
    <ClInclude Include="Leaf_Models.h">
      <Filter>Header Files\Objects</Filter>
    </ClInclude>
    <ClInclude Include="Wele.h">
      <Filter>Header Files\Objects</Filter>
    </ClInclude>
    <ClInclude Include="Bridge_Pole.h">
      <Filter>Header Files\Objects</Filter>
    </ClInclude>
    <ClInclude Include="set.h">
      <Filter>Header Files\Addons</Filter>
    </ClInclude>
    <ClInclude Include="AdditionalVariables.h">
      <Filter>Header Files\Addons</Filter>
    </ClInclude>
    <ClInclude Include="Functions.h">
      <Filter>Header Files</Filter>
    </ClInclude>
    <ClInclude Include="Pole_Objects.h">
      <Filter>Header Files\Objects</Filter>
    </ClInclude>
    <ClInclude Include="Tanpopo_Object.h">
      <Filter>Header Files\Objects</Filter>
    </ClInclude>
    <ClInclude Include="Spring_Objects.h">
      <Filter>Header Files\Objects</Filter>
    </ClInclude>
    <ClInclude Include="TexLists.h">
      <Filter>Header Files\Addons</Filter>
    </ClInclude>
    <ClInclude Include="TorndaoBridgeParts.h">
      <Filter>Header Files\Objects</Filter>
    </ClInclude>
    <ClInclude Include="TDebris.h">
      <Filter>Header Files\Objects</Filter>
    </ClInclude>
    <ClInclude Include="GoldGearandBolt.h">
      <Filter>Header Files\Objects</Filter>
    </ClInclude>
    <ClInclude Include="objects.h">
      <Filter>Header Files\Objects</Filter>
    </ClInclude>
  </ItemGroup>
  <ItemGroup>
    <ClCompile Include="stdafx.cpp">
      <Filter>Source Files</Filter>
    </ClCompile>
    <ClCompile Include="dllmain.cpp">
      <Filter>Source Files</Filter>
    </ClCompile>
    <ClCompile Include="Main.cpp">
      <Filter>Source Files</Filter>
    </ClCompile>
    <ClCompile Include="..\sadx-mod-loader\mod-loader-common\ModLoaderCommon\TextConv.cpp">
      <Filter>Source Files\external</Filter>
    </ClCompile>
    <ClCompile Include="..\sadx-mod-loader\mod-loader-common\ModLoaderCommon\IniFile.cpp">
      <Filter>Source Files\external</Filter>
    </ClCompile>
    <ClCompile Include="set.cpp">
      <Filter>Source Files\external</Filter>
    </ClCompile>
    <ClCompile Include="Basic_Functions.cpp">
      <Filter>Source Files\Functions</Filter>
    </ClCompile>
    <ClCompile Include="UserCall_Functions.cpp">
      <Filter>Source Files\Functions</Filter>
    </ClCompile>
    <ClCompile Include="Rock_Functions.cpp">
      <Filter>Source Files\Functions</Filter>
    </ClCompile>
    <ClCompile Include="Sirusi_Functions.cpp">
      <Filter>Source Files\Functions</Filter>
    </ClCompile>
    <ClCompile Include="Foliage_Functions.cpp">
      <Filter>Source Files\Functions</Filter>
    </ClCompile>
    <ClCompile Include="Pole_Functions.cpp">
      <Filter>Source Files\Functions</Filter>
    </ClCompile>
    <ClCompile Include="Fan_Functions.cpp">
      <Filter>Source Files\Functions</Filter>
    </ClCompile>
    <ClCompile Include="Raft_Functions.cpp">
      <Filter>Source Files\Functions</Filter>
    </ClCompile>
    <ClCompile Include="Misc_Function.cpp">
      <Filter>Source Files\Functions</Filter>
    </ClCompile>
    <ClCompile Include="Debris_Functions.cpp">
      <Filter>Source Files\Functions</Filter>
    </ClCompile>
    <ClCompile Include="Pedestal_Functions.cpp">
      <Filter>Source Files\Functions</Filter>
    </ClCompile>
    <ClCompile Include="Sara_Functions.cpp">
      <Filter>Source Files\Functions</Filter>
    </ClCompile>
    <ClCompile Include="BaneIwa_Function.cpp">
      <Filter>Source Files\Functions</Filter>
    </ClCompile>
    <ClCompile Include="Wele_Function.cpp">
      <Filter>Source Files\Functions</Filter>
    </ClCompile>
    <ClCompile Include="GoldGearFunctions.cpp">
      <Filter>Source Files\Functions</Filter>
    </ClCompile>
  </ItemGroup>
  <ItemGroup>
    <None Include="Cam\CAM0200E_AD.bin">
      <Filter>Source Files\Binary</Filter>
    </None>
    <None Include="Cam\CAM0200S_AD.bin">
      <Filter>Source Files\Binary</Filter>
    </None>
    <None Include="Cam\CAM0201S_AD.bin">
      <Filter>Source Files\Binary</Filter>
    </None>
    <None Include="Cam\CAM0202M_AD.bin">
      <Filter>Source Files\Binary</Filter>
    </None>
    <None Include="Cam\CAM0202S_AD.bin">
      <Filter>Source Files\Binary</Filter>
    </None>
    <None Include="Lighting\PL_20B.BIN">
      <Filter>Source Files\Binary</Filter>
    </None>
    <None Include="Lighting\PL_21B.BIN">
      <Filter>Source Files\Binary</Filter>
    </None>
    <None Include="Lighting\PL_22B.BIN">
      <Filter>Source Files\Binary</Filter>
    </None>
    <None Include="Lighting\SL_20B.BIN">
      <Filter>Source Files\Binary</Filter>
    </None>
    <None Include="Lighting\SL_21B.BIN">
      <Filter>Source Files\Binary</Filter>
    </None>
    <None Include="Lighting\SL_22B.BIN">
      <Filter>Source Files\Binary</Filter>
    </None>
    <None Include="Set\SET0200E_AD.BIN">
      <Filter>Source Files\Binary</Filter>
    </None>
    <None Include="Set\SET0200S_AD.BIN">
      <Filter>Source Files\Binary</Filter>
    </None>
    <None Include="Set\SET0200S_Orig.BIN">
      <Filter>Source Files\Binary</Filter>
    </None>
    <None Include="Set\SET0201S_AD.BIN">
      <Filter>Source Files\Binary</Filter>
    </None>
    <None Include="Set\SET0201S_Orig.BIN">
      <Filter>Source Files\Binary</Filter>
    </None>
    <None Include="Set\SET0202M_AD.bin">
      <Filter>Source Files\Binary</Filter>
    </None>
    <None Include="Set\SET0202S_AD.bin">
      <Filter>Source Files\Binary</Filter>
    </None>
    <None Include="Set\SET0202S_Orig.BIN">
      <Filter>Source Files\Binary</Filter>
    </None>
    <None Include="Set\SETMI0200E.bin">
      <Filter>Source Files\Binary</Filter>
    </None>
    <None Include="Set\SETMI0200S.bin">
      <Filter>Source Files\Binary</Filter>
    </None>
    <None Include="Set\SETMI0201S.bin">
      <Filter>Source Files\Binary</Filter>
    </None>
    <None Include="Set\SETMI0202M.bin">
      <Filter>Source Files\Binary</Filter>
    </None>
    <None Include="Textures\Debris.pvm">
      <Filter>Source Files\Textures</Filter>
    </None>
    <None Include="Textures\OBJ_WINDY_AD.pvm">
      <Filter>Source Files\Textures</Filter>
    </None>
    <None Include="Textures\Tomado.pvm">
      <Filter>Source Files\Textures</Filter>
    </None>
    <None Include="Textures\WINDY_BACK_AD.PVM">
      <Filter>Source Files\Textures</Filter>
    </None>
    <None Include="Textures\WINDY_BACK2_AD.PVM">
      <Filter>Source Files\Textures</Filter>
    </None>
    <None Include="Textures\WINDY_BACK3_AD.PVM">
      <Filter>Source Files\Textures</Filter>
    </None>
    <None Include="Textures\WINDY_E103_AD.PVM">
      <Filter>Source Files\Textures</Filter>
    </None>
    <None Include="Textures\WINDY01_AD.PVM">
      <Filter>Source Files\Textures</Filter>
    </None>
    <None Include="Textures\WINDY02_AD.pvm">
      <Filter>Source Files\Textures</Filter>
    </None>
    <None Include="Textures\WINDY03_AD.PVM">
      <Filter>Source Files\Textures</Filter>
    </None>
  </ItemGroup>
</Project>