<?xml version="1.0" encoding="utf-8"?>
<Project ToolsVersion="4.0" xmlns="http://schemas.microsoft.com/developer/msbuild/2003">
  <ItemGroup>
    <Filter Include="Source Files">
      <UniqueIdentifier>{4FC737F1-C7A5-4376-A066-2A32D752A2FF}</UniqueIdentifier>
      <Extensions>cpp;c;cc;cxx;def;odl;idl;hpj;bat;asm;asmx</Extensions>
    </Filter>
    <Filter Include="Header Files">
      <UniqueIdentifier>{93995380-89BD-4b04-88EB-625FBE52EBFB}</UniqueIdentifier>
      <Extensions>h;hh;hpp;hxx;hm;inl;inc;xsd</Extensions>
    </Filter>
    <Filter Include="Resource Files">
      <UniqueIdentifier>{67DA6AB6-F800-4c08-8B7A-83BB121AAD01}</UniqueIdentifier>
      <Extensions>rc;ico;cur;bmp;dlg;rc2;rct;bin;rgs;gif;jpg;jpeg;jpe;resx;tiff;tif;png;wav;mfcribbon-ms</Extensions>
    </Filter>
    <Filter Include="Header Files\ModLoader">
      <UniqueIdentifier>{540cb597-76b1-4667-bfd8-481fa9026f82}</UniqueIdentifier>
    </Filter>
    <Filter Include="Header Files\Objects">
      <UniqueIdentifier>{1a837688-ba2d-4a1d-8090-e3b624018d27}</UniqueIdentifier>
    </Filter>
    <Filter Include="Header Files\LandTable">
      <UniqueIdentifier>{75a39e05-77fd-4770-a4b5-c1dec2ed3f31}</UniqueIdentifier>
    </Filter>
  </ItemGroup>
  <ItemGroup>
    <Text Include="ReadMe.txt" />
  </ItemGroup>
  <ItemGroup>
    <ClInclude Include="stdafx.h">
      <Filter>Header Files</Filter>
    </ClInclude>
    <ClInclude Include="targetver.h">
      <Filter>Header Files</Filter>
    </ClInclude>
    <ClInclude Include="SADXStructs.h">
      <Filter>Header Files\ModLoader</Filter>
    </ClInclude>
    <ClInclude Include="MemAccess.h">
      <Filter>Header Files\ModLoader</Filter>
    </ClInclude>
    <ClInclude Include="SADXFunctions.h">
      <Filter>Header Files\ModLoader</Filter>
    </ClInclude>
    <ClInclude Include="SADXEnums.h">
      <Filter>Header Files\ModLoader</Filter>
    </ClInclude>
    <ClInclude Include="ninja.h">
      <Filter>Header Files\ModLoader</Filter>
    </ClInclude>
    <ClInclude Include="d3d8types.h">
      <Filter>Header Files\ModLoader</Filter>
    </ClInclude>
    <ClInclude Include="SADXVariables.h">
      <Filter>Header Files\ModLoader</Filter>
    </ClInclude>
    <ClInclude Include="SADXModLoader.h">
      <Filter>Header Files\ModLoader</Filter>
    </ClInclude>
    <ClInclude Include="Trampoline.h">
      <Filter>Header Files\Objects</Filter>
    </ClInclude>
    <ClInclude Include="WindyGate.h">
      <Filter>Header Files\Objects</Filter>
    </ClInclude>
    <ClInclude Include="SBridge.h">
      <Filter>Header Files\Objects</Filter>
    </ClInclude>
    <ClInclude Include="Rock_Objects.h">
      <Filter>Header Files\Objects</Filter>
    </ClInclude>
    <ClInclude Include="Sirusi_Objects.h">
      <Filter>Header Files\Objects</Filter>
    </ClInclude>
    <ClInclude Include="Grass_Objects.h">
      <Filter>Header Files\Objects</Filter>
    </ClInclude>
    <ClInclude Include="Pole_Objects.h">
      <Filter>Header Files\Objects</Filter>
    </ClInclude>
    <ClInclude Include="PathInfo.h">
      <Filter>Header Files</Filter>
    </ClInclude>
    <ClInclude Include="StartPos.h">
      <Filter>Header Files</Filter>
    </ClInclude>
    <ClInclude Include="TexLists.h">
      <Filter>Header Files</Filter>
    </ClInclude>
    <ClInclude Include="Act1.h">
      <Filter>Header Files\LandTable</Filter>
    </ClInclude>
    <ClInclude Include="Act2.h">
      <Filter>Header Files\LandTable</Filter>
    </ClInclude>
    <ClInclude Include="Act3.h">
      <Filter>Header Files\LandTable</Filter>
    </ClInclude>
    <ClInclude Include="IDai_Objects.h">
      <Filter>Header Files\Objects</Filter>
    </ClInclude>
    <ClInclude Include="IHas_Objects.h">
      <Filter>Header Files\Objects</Filter>
    </ClInclude>
    <ClInclude Include="IBou-IHah_Objects.h">
      <Filter>Header Files\Objects</Filter>
    </ClInclude>
    <ClInclude Include="Sara_Objects.h">
      <Filter>Header Files\Objects</Filter>
    </ClInclude>
    <ClInclude Include="Flower_Objects.h">
      <Filter>Header Files\Objects</Filter>
    </ClInclude>
    <ClInclude Include="W_Ki_Objects.h">
      <Filter>Header Files\Objects</Filter>
    </ClInclude>
    <ClInclude Include="Propellers.h">
      <Filter>Header Files\Objects</Filter>
    </ClInclude>
  </ItemGroup>
  <ItemGroup>
    <ClCompile Include="stdafx.cpp">
      <Filter>Source Files</Filter>
    </ClCompile>
    <ClCompile Include="dllmain.cpp">
      <Filter>Source Files</Filter>
    </ClCompile>
    <ClCompile Include="Main.cpp">
      <Filter>Source Files</Filter>
    </ClCompile>
  </ItemGroup>
</Project>